
Microsoft Visual Studio Solution File, Format Version 12.00
# Visual Studio Version 17
VisualStudioVersion = 17.11.35222.181
MinimumVisualStudioVersion = 10.0.40219.1
Project("{FAE04EC0-301F-11D3-BF4B-00C04F79EFBC}") = "WpfApp50", "WpfApp50.csproj", "{4447848B-F8E6-4057-91AF-123E6A62663A}"
EndProject
Global
	GlobalSection(SolutionConfigurationPlatforms) = preSolution
		Debug|Any CPU = Debug|Any CPU
		Release|Any CPU = Release|Any CPU
	EndGlobalSection
	GlobalSection(ProjectConfigurationPlatforms) = postSolution
		{4447848B-F8E6-4057-91AF-123E6A62663A}.Debug|Any CPU.ActiveCfg = Debug|Any CPU
		{4447848B-F8E6-4057-91AF-123E6A62663A}.Debug|Any CPU.Build.0 = Debug|Any CPU
		{4447848B-F8E6-4057-91AF-123E6A62663A}.Release|Any CPU.ActiveCfg = Release|Any CPU
		{4447848B-F8E6-4057-91AF-123E6A62663A}.Release|Any CPU.Build.0 = Release|Any CPU
	EndGlobalSection
	GlobalSection(SolutionProperties) = preSolution
		HideSolutionNode = FALSE
	EndGlobalSection
	GlobalSection(ExtensibilityGlobals) = postSolution
		SolutionGuid = {4331E596-5794-4E1D-B974-898E31817138}
	EndGlobalSection
EndGlobal
